
Microsoft Visual Studio Solution File, Format Version 12.00
# Visual Studio 15
VisualStudioVersion = 15.0.27130.2010
MinimumVisualStudioVersion = 10.0.40219.1
Project("{8BC9CEB8-8B4A-11D0-8D11-00A0C91BC942}") = "1991 Visual_트리순회", "1991 Visual_트리순회.vcxproj", "{824929FC-39F7-4D1A-96FD-B92E72CE18CC}"
EndProject
Global
	GlobalSection(SolutionConfigurationPlatforms) = preSolution
		Debug|x64 = Debug|x64
		Debug|x86 = Debug|x86
		Release|x64 = Release|x64
		Release|x86 = Release|x86
	EndGlobalSection
	GlobalSection(ProjectConfigurationPlatforms) = postSolution
		{824929FC-39F7-4D1A-96FD-B92E72CE18CC}.Debug|x64.ActiveCfg = Debug|x64
		{824929FC-39F7-4D1A-96FD-B92E72CE18CC}.Debug|x64.Build.0 = Debug|x64
		{824929FC-39F7-4D1A-96FD-B92E72CE18CC}.Debug|x86.ActiveCfg = Debug|Win32
		{824929FC-39F7-4D1A-96FD-B92E72CE18CC}.Debug|x86.Build.0 = Debug|Win32
		{824929FC-39F7-4D1A-96FD-B92E72CE18CC}.Release|x64.ActiveCfg = Release|x64
		{824929FC-39F7-4D1A-96FD-B92E72CE18CC}.Release|x64.Build.0 = Release|x64
		{824929FC-39F7-4D1A-96FD-B92E72CE18CC}.Release|x86.ActiveCfg = Release|Win32
		{824929FC-39F7-4D1A-96FD-B92E72CE18CC}.Release|x86.Build.0 = Release|Win32
	EndGlobalSection
	GlobalSection(SolutionProperties) = preSolution
		HideSolutionNode = FALSE
	EndGlobalSection
	GlobalSection(ExtensibilityGlobals) = postSolution
		SolutionGuid = {3321C9FB-BAAB-4656-8C1C-4811C1142087}
	EndGlobalSection
EndGlobal
